
Microsoft Visual Studio Solution File, Format Version 12.00
# Visual Studio Version 16
VisualStudioVersion = 16.0.30711.63
MinimumVisualStudioVersion = 10.0.40219.1
Project("{FAE04EC0-301F-11D3-BF4B-00C04F79EFBC}") = "PhotoProcessor", "PhotoProcessor.csproj", "{44A36E9D-0888-49EB-9548-FC4E71AC27E4}"
EndProject
Global
	GlobalSection(SolutionConfigurationPlatforms) = preSolution
		Debug|Any CPU = Debug|Any CPU
		Release|Any CPU = Release|Any CPU
	EndGlobalSection
	GlobalSection(ProjectConfigurationPlatforms) = postSolution
		{44A36E9D-0888-49EB-9548-FC4E71AC27E4}.Debug|Any CPU.ActiveCfg = Debug|Any CPU
		{44A36E9D-0888-49EB-9548-FC4E71AC27E4}.Debug|Any CPU.Build.0 = Debug|Any CPU
		{44A36E9D-0888-49EB-9548-FC4E71AC27E4}.Release|Any CPU.ActiveCfg = Release|Any CPU
		{44A36E9D-0888-49EB-9548-FC4E71AC27E4}.Release|Any CPU.Build.0 = Release|Any CPU
	EndGlobalSection
	GlobalSection(SolutionProperties) = preSolution
		HideSolutionNode = FALSE
	EndGlobalSection
	GlobalSection(ExtensibilityGlobals) = postSolution
		SolutionGuid = {4D1B2FAA-5498-4B89-B3CE-2EBC278C9D40}
	EndGlobalSection
EndGlobal
