
Microsoft Visual Studio Solution File, Format Version 12.00
# Visual Studio Version 16
VisualStudioVersion = 16.0.30711.63
MinimumVisualStudioVersion = 10.0.40219.1
Project("{FAE04EC0-301F-11D3-BF4B-00C04F79EFBC}") = "BookRepository", "BookRepository.csproj", "{B2EDBD22-2BA0-4FF6-9657-2AAB13F16EC0}"
EndProject
Global
	GlobalSection(SolutionConfigurationPlatforms) = preSolution
		Debug|Any CPU = Debug|Any CPU
		Release|Any CPU = Release|Any CPU
	EndGlobalSection
	GlobalSection(ProjectConfigurationPlatforms) = postSolution
		{B2EDBD22-2BA0-4FF6-9657-2AAB13F16EC0}.Debug|Any CPU.ActiveCfg = Debug|Any CPU
		{B2EDBD22-2BA0-4FF6-9657-2AAB13F16EC0}.Debug|Any CPU.Build.0 = Debug|Any CPU
		{B2EDBD22-2BA0-4FF6-9657-2AAB13F16EC0}.Release|Any CPU.ActiveCfg = Release|Any CPU
		{B2EDBD22-2BA0-4FF6-9657-2AAB13F16EC0}.Release|Any CPU.Build.0 = Release|Any CPU
	EndGlobalSection
	GlobalSection(SolutionProperties) = preSolution
		HideSolutionNode = FALSE
	EndGlobalSection
	GlobalSection(ExtensibilityGlobals) = postSolution
		SolutionGuid = {5B8A655C-228C-4416-AC20-A13D7FBAF38E}
	EndGlobalSection
EndGlobal
