
Microsoft Visual Studio Solution File, Format Version 12.00
# Visual Studio Version 16
VisualStudioVersion = 16.0.30711.63
MinimumVisualStudioVersion = 10.0.40219.1
Project("{FAE04EC0-301F-11D3-BF4B-00C04F79EFBC}") = "WorkflowEngine", "WorkflowEngine.csproj", "{8930ACAD-E064-4F92-83E5-DADAF9CD86A2}"
EndProject
Global
	GlobalSection(SolutionConfigurationPlatforms) = preSolution
		Debug|Any CPU = Debug|Any CPU
		Release|Any CPU = Release|Any CPU
	EndGlobalSection
	GlobalSection(ProjectConfigurationPlatforms) = postSolution
		{8930ACAD-E064-4F92-83E5-DADAF9CD86A2}.Debug|Any CPU.ActiveCfg = Debug|Any CPU
		{8930ACAD-E064-4F92-83E5-DADAF9CD86A2}.Debug|Any CPU.Build.0 = Debug|Any CPU
		{8930ACAD-E064-4F92-83E5-DADAF9CD86A2}.Release|Any CPU.ActiveCfg = Release|Any CPU
		{8930ACAD-E064-4F92-83E5-DADAF9CD86A2}.Release|Any CPU.Build.0 = Release|Any CPU
	EndGlobalSection
	GlobalSection(SolutionProperties) = preSolution
		HideSolutionNode = FALSE
	EndGlobalSection
	GlobalSection(ExtensibilityGlobals) = postSolution
		SolutionGuid = {13F85C0D-F25C-4E08-A344-3AB30D01B685}
	EndGlobalSection
EndGlobal
