
Microsoft Visual Studio Solution File, Format Version 12.00
# Visual Studio Version 16
VisualStudioVersion = 16.0.30711.63
MinimumVisualStudioVersion = 10.0.40219.1
Project("{FAE04EC0-301F-11D3-BF4B-00C04F79EFBC}") = "StackOverflowPost", "StackOverflowPost.csproj", "{8DE04D4C-2764-4271-8840-4FF06D6E1DDE}"
EndProject
Global
	GlobalSection(SolutionConfigurationPlatforms) = preSolution
		Debug|Any CPU = Debug|Any CPU
		Release|Any CPU = Release|Any CPU
	EndGlobalSection
	GlobalSection(ProjectConfigurationPlatforms) = postSolution
		{8DE04D4C-2764-4271-8840-4FF06D6E1DDE}.Debug|Any CPU.ActiveCfg = Debug|Any CPU
		{8DE04D4C-2764-4271-8840-4FF06D6E1DDE}.Debug|Any CPU.Build.0 = Debug|Any CPU
		{8DE04D4C-2764-4271-8840-4FF06D6E1DDE}.Release|Any CPU.ActiveCfg = Release|Any CPU
		{8DE04D4C-2764-4271-8840-4FF06D6E1DDE}.Release|Any CPU.Build.0 = Release|Any CPU
	EndGlobalSection
	GlobalSection(SolutionProperties) = preSolution
		HideSolutionNode = FALSE
	EndGlobalSection
	GlobalSection(ExtensibilityGlobals) = postSolution
		SolutionGuid = {9217ED38-8BA9-4080-A45F-6DE3986DFD48}
	EndGlobalSection
EndGlobal
